// !$*UTF8*$!
{
	archiveVersion = 1;
	classes = {
	};
	objectVersion = 56;
	objects = {

/* Begin PBXBuildFile section */
		62071D962C0919E4009532A7 /* FakeStoreAPIApp.swift in Sources */ = {isa = PBXBuildFile; fileRef = 62071D952C0919E4009532A7 /* FakeStoreAPIApp.swift */; };
		62071D9A2C0919E6009532A7 /* Assets.xcassets in Resources */ = {isa = PBXBuildFile; fileRef = 62071D992C0919E6009532A7 /* Assets.xcassets */; };
		62071D9D2C0919E6009532A7 /* Preview Assets.xcassets in Resources */ = {isa = PBXBuildFile; fileRef = 62071D9C2C0919E6009532A7 /* Preview Assets.xcassets */; };
		62071DA92C091C39009532A7 /* ProductListView.swift in Sources */ = {isa = PBXBuildFile; fileRef = 62071DA82C091C39009532A7 /* ProductListView.swift */; };
		62071DAD2C091CCD009532A7 /* Product.swift in Sources */ = {isa = PBXBuildFile; fileRef = 62071DAC2C091CCD009532A7 /* Product.swift */; };
		62071DB12C0920E3009532A7 /* ProductCellLarge.swift in Sources */ = {isa = PBXBuildFile; fileRef = 62071DB02C0920E3009532A7 /* ProductCellLarge.swift */; };
		62071DB42C0921BC009532A7 /* GroupBoxCard.swift in Sources */ = {isa = PBXBuildFile; fileRef = 62071DB32C0921BC009532A7 /* GroupBoxCard.swift */; };
		62071DB72C09363B009532A7 /* HTTPDataDownloader.swift in Sources */ = {isa = PBXBuildFile; fileRef = 62071DB62C09363B009532A7 /* HTTPDataDownloader.swift */; };
		62071DB92C09366A009532A7 /* APIErrors.swift in Sources */ = {isa = PBXBuildFile; fileRef = 62071DB82C09366A009532A7 /* APIErrors.swift */; };
		62071DBB2C0936BD009532A7 /* ProductViewModel.swift in Sources */ = {isa = PBXBuildFile; fileRef = 62071DBA2C0936BD009532A7 /* ProductViewModel.swift */; };
		62071DBF2C0952E4009532A7 /* Tab.swift in Sources */ = {isa = PBXBuildFile; fileRef = 62071DBE2C0952E4009532A7 /* Tab.swift */; };
		62071DC32C095477009532A7 /* CartView.swift in Sources */ = {isa = PBXBuildFile; fileRef = 62071DC22C095477009532A7 /* CartView.swift */; };
		62071DC62C095625009532A7 /* AccountView.swift in Sources */ = {isa = PBXBuildFile; fileRef = 62071DC52C095625009532A7 /* AccountView.swift */; };
		62071DC92C09644F009532A7 /* CartViewModel.swift in Sources */ = {isa = PBXBuildFile; fileRef = 62071DC82C09644F009532A7 /* CartViewModel.swift */; };
		62071DCD2C09EBDB009532A7 /* CartNavigation.swift in Sources */ = {isa = PBXBuildFile; fileRef = 62071DCC2C09EBDB009532A7 /* CartNavigation.swift */; };
		62071DCF2C09F340009532A7 /* AddToCartButton.swift in Sources */ = {isa = PBXBuildFile; fileRef = 62071DCE2C09F340009532A7 /* AddToCartButton.swift */; };
		62071DD12C09F607009532A7 /* ProductCellSmall.swift in Sources */ = {isa = PBXBuildFile; fileRef = 62071DD02C09F607009532A7 /* ProductCellSmall.swift */; };
		62071DD42C0A37E2009532A7 /* JumpToTopButton.swift in Sources */ = {isa = PBXBuildFile; fileRef = 62071DD32C0A37E2009532A7 /* JumpToTopButton.swift */; };
		62071DDB2C0B9E53009532A7 /* ProductsCache.swift in Sources */ = {isa = PBXBuildFile; fileRef = 62071DDA2C0B9E53009532A7 /* ProductsCache.swift */; };
		62071DDD2C0BA673009532A7 /* ProductDataService.swift in Sources */ = {isa = PBXBuildFile; fileRef = 62071DDC2C0BA673009532A7 /* ProductDataService.swift */; };
		62071DDF2C0BD317009532A7 /* MockDataService.swift in Sources */ = {isa = PBXBuildFile; fileRef = 62071DDE2C0BD317009532A7 /* MockDataService.swift */; };
		62071DEA2C0CED85009532A7 /* ProductsCacheTests.swift in Sources */ = {isa = PBXBuildFile; fileRef = 62071DE92C0CED85009532A7 /* ProductsCacheTests.swift */; };
		62071DF12C0D5B86009532A7 /* LoadMoreButton.swift in Sources */ = {isa = PBXBuildFile; fileRef = 62071DF02C0D5B86009532A7 /* LoadMoreButton.swift */; };
		62071DF32C0E5A59009532A7 /* CartItem.swift in Sources */ = {isa = PBXBuildFile; fileRef = 62071DF22C0E5A59009532A7 /* CartItem.swift */; };
/* End PBXBuildFile section */

/* Begin PBXContainerItemProxy section */
		62071DEB2C0CED85009532A7 /* PBXContainerItemProxy */ = {
			isa = PBXContainerItemProxy;
			containerPortal = 62071D8A2C0919E4009532A7 /* Project object */;
			proxyType = 1;
			remoteGlobalIDString = 62071D912C0919E4009532A7;
			remoteInfo = FakeStoreAPI;
		};
/* End PBXContainerItemProxy section */

/* Begin PBXFileReference section */
		62071D922C0919E4009532A7 /* FakeStoreAPI.app */ = {isa = PBXFileReference; explicitFileType = wrapper.application; includeInIndex = 0; path = FakeStoreAPI.app; sourceTree = BUILT_PRODUCTS_DIR; };
		62071D952C0919E4009532A7 /* FakeStoreAPIApp.swift */ = {isa = PBXFileReference; lastKnownFileType = sourcecode.swift; path = FakeStoreAPIApp.swift; sourceTree = "<group>"; };
		62071D992C0919E6009532A7 /* Assets.xcassets */ = {isa = PBXFileReference; lastKnownFileType = folder.assetcatalog; path = Assets.xcassets; sourceTree = "<group>"; };
		62071D9C2C0919E6009532A7 /* Preview Assets.xcassets */ = {isa = PBXFileReference; lastKnownFileType = folder.assetcatalog; path = "Preview Assets.xcassets"; sourceTree = "<group>"; };
		62071DA82C091C39009532A7 /* ProductListView.swift */ = {isa = PBXFileReference; lastKnownFileType = sourcecode.swift; path = ProductListView.swift; sourceTree = "<group>"; };
		62071DAC2C091CCD009532A7 /* Product.swift */ = {isa = PBXFileReference; lastKnownFileType = sourcecode.swift; path = Product.swift; sourceTree = "<group>"; };
		62071DB02C0920E3009532A7 /* ProductCellLarge.swift */ = {isa = PBXFileReference; lastKnownFileType = sourcecode.swift; path = ProductCellLarge.swift; sourceTree = "<group>"; };
		62071DB32C0921BC009532A7 /* GroupBoxCard.swift */ = {isa = PBXFileReference; lastKnownFileType = sourcecode.swift; path = GroupBoxCard.swift; sourceTree = "<group>"; };
		62071DB62C09363B009532A7 /* HTTPDataDownloader.swift */ = {isa = PBXFileReference; lastKnownFileType = sourcecode.swift; path = HTTPDataDownloader.swift; sourceTree = "<group>"; };
		62071DB82C09366A009532A7 /* APIErrors.swift */ = {isa = PBXFileReference; lastKnownFileType = sourcecode.swift; path = APIErrors.swift; sourceTree = "<group>"; };
		62071DBA2C0936BD009532A7 /* ProductViewModel.swift */ = {isa = PBXFileReference; lastKnownFileType = sourcecode.swift; path = ProductViewModel.swift; sourceTree = "<group>"; };
		62071DBE2C0952E4009532A7 /* Tab.swift */ = {isa = PBXFileReference; lastKnownFileType = sourcecode.swift; path = Tab.swift; sourceTree = "<group>"; };
		62071DC22C095477009532A7 /* CartView.swift */ = {isa = PBXFileReference; lastKnownFileType = sourcecode.swift; path = CartView.swift; sourceTree = "<group>"; };
		62071DC52C095625009532A7 /* AccountView.swift */ = {isa = PBXFileReference; lastKnownFileType = sourcecode.swift; path = AccountView.swift; sourceTree = "<group>"; };
		62071DC82C09644F009532A7 /* CartViewModel.swift */ = {isa = PBXFileReference; lastKnownFileType = sourcecode.swift; path = CartViewModel.swift; sourceTree = "<group>"; };
		62071DCC2C09EBDB009532A7 /* CartNavigation.swift */ = {isa = PBXFileReference; lastKnownFileType = sourcecode.swift; path = CartNavigation.swift; sourceTree = "<group>"; };
		62071DCE2C09F340009532A7 /* AddToCartButton.swift */ = {isa = PBXFileReference; lastKnownFileType = sourcecode.swift; path = AddToCartButton.swift; sourceTree = "<group>"; };
		62071DD02C09F607009532A7 /* ProductCellSmall.swift */ = {isa = PBXFileReference; lastKnownFileType = sourcecode.swift; path = ProductCellSmall.swift; sourceTree = "<group>"; };
		62071DD32C0A37E2009532A7 /* JumpToTopButton.swift */ = {isa = PBXFileReference; lastKnownFileType = sourcecode.swift; path = JumpToTopButton.swift; sourceTree = "<group>"; };
		62071DDA2C0B9E53009532A7 /* ProductsCache.swift */ = {isa = PBXFileReference; lastKnownFileType = sourcecode.swift; path = ProductsCache.swift; sourceTree = "<group>"; };
		62071DDC2C0BA673009532A7 /* ProductDataService.swift */ = {isa = PBXFileReference; lastKnownFileType = sourcecode.swift; path = ProductDataService.swift; sourceTree = "<group>"; };
		62071DDE2C0BD317009532A7 /* MockDataService.swift */ = {isa = PBXFileReference; lastKnownFileType = sourcecode.swift; path = MockDataService.swift; sourceTree = "<group>"; };
		62071DE72C0CED85009532A7 /* ProductsCacheTests.xctest */ = {isa = PBXFileReference; explicitFileType = wrapper.cfbundle; includeInIndex = 0; path = ProductsCacheTests.xctest; sourceTree = BUILT_PRODUCTS_DIR; };
		62071DE92C0CED85009532A7 /* ProductsCacheTests.swift */ = {isa = PBXFileReference; lastKnownFileType = sourcecode.swift; path = ProductsCacheTests.swift; sourceTree = "<group>"; };
		62071DF02C0D5B86009532A7 /* LoadMoreButton.swift */ = {isa = PBXFileReference; lastKnownFileType = sourcecode.swift; path = LoadMoreButton.swift; sourceTree = "<group>"; };
		62071DF22C0E5A59009532A7 /* CartItem.swift */ = {isa = PBXFileReference; lastKnownFileType = sourcecode.swift; path = CartItem.swift; sourceTree = "<group>"; };
/* End PBXFileReference section */

/* Begin PBXFrameworksBuildPhase section */
		62071D8F2C0919E4009532A7 /* Frameworks */ = {
			isa = PBXFrameworksBuildPhase;
			buildActionMask = 2147483647;
			files = (
			);
			runOnlyForDeploymentPostprocessing = 0;
		};
		62071DE42C0CED85009532A7 /* Frameworks */ = {
			isa = PBXFrameworksBuildPhase;
			buildActionMask = 2147483647;
			files = (
			);
			runOnlyForDeploymentPostprocessing = 0;
		};
/* End PBXFrameworksBuildPhase section */

/* Begin PBXGroup section */
		62071D892C0919E4009532A7 = {
			isa = PBXGroup;
			children = (
				62071D942C0919E4009532A7 /* FakeStoreAPI */,
				62071DE82C0CED85009532A7 /* ProductsCacheTests */,
				62071D932C0919E4009532A7 /* Products */,
			);
			sourceTree = "<group>";
		};
		62071D932C0919E4009532A7 /* Products */ = {
			isa = PBXGroup;
			children = (
				62071D922C0919E4009532A7 /* FakeStoreAPI.app */,
				62071DE72C0CED85009532A7 /* ProductsCacheTests.xctest */,
			);
			name = Products;
			sourceTree = "<group>";
		};
		62071D942C0919E4009532A7 /* FakeStoreAPI */ = {
			isa = PBXGroup;
			children = (
				62071DA52C091A09009532A7 /* App */,
				62071DA62C091A12009532A7 /* Tab */,
				62071DA42C0919F8009532A7 /* Network */,
				62071DA32C0919F3009532A7 /* Views */,
				62071DAA2C091C6B009532A7 /* Models */,
				62071DD92C0B9E31009532A7 /* Cache */,
				62071DC42C0955C8009532A7 /* Account */,
				62071DB22C09217D009532A7 /* Cards */,
				62071D992C0919E6009532A7 /* Assets.xcassets */,
				62071D9B2C0919E6009532A7 /* Preview Content */,
			);
			path = FakeStoreAPI;
			sourceTree = "<group>";
		};
		62071D9B2C0919E6009532A7 /* Preview Content */ = {
			isa = PBXGroup;
			children = (
				62071D9C2C0919E6009532A7 /* Preview Assets.xcassets */,
			);
			path = "Preview Content";
			sourceTree = "<group>";
		};
		62071DA32C0919F3009532A7 /* Views */ = {
			isa = PBXGroup;
			children = (
				62071DB52C092F0D009532A7 /* Product */,
				62071DBC2C0952B9009532A7 /* Cart */,
			);
			path = Views;
			sourceTree = "<group>";
		};
		62071DA42C0919F8009532A7 /* Network */ = {
			isa = PBXGroup;
			children = (
				62071DB82C09366A009532A7 /* APIErrors.swift */,
				62071DB62C09363B009532A7 /* HTTPDataDownloader.swift */,
				62071DDE2C0BD317009532A7 /* MockDataService.swift */,
				62071DDC2C0BA673009532A7 /* ProductDataService.swift */,
			);
			path = Network;
			sourceTree = "<group>";
		};
		62071DA52C091A09009532A7 /* App */ = {
			isa = PBXGroup;
			children = (
				62071D952C0919E4009532A7 /* FakeStoreAPIApp.swift */,
			);
			path = App;
			sourceTree = "<group>";
		};
		62071DA62C091A12009532A7 /* Tab */ = {
			isa = PBXGroup;
			children = (
				62071DBE2C0952E4009532A7 /* Tab.swift */,
			);
			path = Tab;
			sourceTree = "<group>";
		};
		62071DAA2C091C6B009532A7 /* Models */ = {
			isa = PBXGroup;
			children = (
				62071DAC2C091CCD009532A7 /* Product.swift */,
				62071DF22C0E5A59009532A7 /* CartItem.swift */,
			);
			path = Models;
			sourceTree = "<group>";
		};
		62071DB22C09217D009532A7 /* Cards */ = {
			isa = PBXGroup;
			children = (
				62071DB32C0921BC009532A7 /* GroupBoxCard.swift */,
			);
			path = Cards;
			sourceTree = "<group>";
		};
		62071DB52C092F0D009532A7 /* Product */ = {
			isa = PBXGroup;
			children = (
				62071DD32C0A37E2009532A7 /* JumpToTopButton.swift */,
				62071DB02C0920E3009532A7 /* ProductCellLarge.swift */,
				62071DD02C09F607009532A7 /* ProductCellSmall.swift */,
				62071DA82C091C39009532A7 /* ProductListView.swift */,
				62071DBA2C0936BD009532A7 /* ProductViewModel.swift */,
				62071DF02C0D5B86009532A7 /* LoadMoreButton.swift */,
			);
			path = Product;
			sourceTree = "<group>";
		};
		62071DBC2C0952B9009532A7 /* Cart */ = {
			isa = PBXGroup;
			children = (
				62071DCE2C09F340009532A7 /* AddToCartButton.swift */,
				62071DCC2C09EBDB009532A7 /* CartNavigation.swift */,
				62071DC22C095477009532A7 /* CartView.swift */,
				62071DC82C09644F009532A7 /* CartViewModel.swift */,
			);
			path = Cart;
			sourceTree = "<group>";
		};
		62071DC42C0955C8009532A7 /* Account */ = {
			isa = PBXGroup;
			children = (
				62071DC52C095625009532A7 /* AccountView.swift */,
			);
			path = Account;
			sourceTree = "<group>";
		};
		62071DD92C0B9E31009532A7 /* Cache */ = {
			isa = PBXGroup;
			children = (
				62071DDA2C0B9E53009532A7 /* ProductsCache.swift */,
			);
			path = Cache;
			sourceTree = "<group>";
		};
		62071DE82C0CED85009532A7 /* ProductsCacheTests */ = {
			isa = PBXGroup;
			children = (
				62071DE92C0CED85009532A7 /* ProductsCacheTests.swift */,
			);
			path = ProductsCacheTests;
			sourceTree = "<group>";
		};
/* End PBXGroup section */

/* Begin PBXNativeTarget section */
		62071D912C0919E4009532A7 /* FakeStoreAPI */ = {
			isa = PBXNativeTarget;
			buildConfigurationList = 62071DA02C0919E6009532A7 /* Build configuration list for PBXNativeTarget "FakeStoreAPI" */;
			buildPhases = (
				62071D8E2C0919E4009532A7 /* Sources */,
				62071D8F2C0919E4009532A7 /* Frameworks */,
				62071D902C0919E4009532A7 /* Resources */,
			);
			buildRules = (
			);
			dependencies = (
			);
			name = FakeStoreAPI;
			productName = FakeStoreAPI;
			productReference = 62071D922C0919E4009532A7 /* FakeStoreAPI.app */;
			productType = "com.apple.product-type.application";
		};
		62071DE62C0CED85009532A7 /* ProductsCacheTests */ = {
			isa = PBXNativeTarget;
			buildConfigurationList = 62071DED2C0CED85009532A7 /* Build configuration list for PBXNativeTarget "ProductsCacheTests" */;
			buildPhases = (
				62071DE32C0CED85009532A7 /* Sources */,
				62071DE42C0CED85009532A7 /* Frameworks */,
				62071DE52C0CED85009532A7 /* Resources */,
			);
			buildRules = (
			);
			dependencies = (
				62071DEC2C0CED85009532A7 /* PBXTargetDependency */,
			);
			name = ProductsCacheTests;
			productName = ProductsCacheTests;
			productReference = 62071DE72C0CED85009532A7 /* ProductsCacheTests.xctest */;
			productType = "com.apple.product-type.bundle.unit-test";
		};
/* End PBXNativeTarget section */

/* Begin PBXProject section */
		62071D8A2C0919E4009532A7 /* Project object */ = {
			isa = PBXProject;
			attributes = {
				BuildIndependentTargetsInParallel = 1;
				LastSwiftUpdateCheck = 1530;
				LastUpgradeCheck = 1530;
				TargetAttributes = {
					62071D912C0919E4009532A7 = {
						CreatedOnToolsVersion = 15.3;
					};
					62071DE62C0CED85009532A7 = {
						CreatedOnToolsVersion = 15.3;
						TestTargetID = 62071D912C0919E4009532A7;
					};
				};
			};
			buildConfigurationList = 62071D8D2C0919E4009532A7 /* Build configuration list for PBXProject "FakeStoreAPI" */;
			compatibilityVersion = "Xcode 14.0";
			developmentRegion = en;
			hasScannedForEncodings = 0;
			knownRegions = (
				en,
				Base,
			);
			mainGroup = 62071D892C0919E4009532A7;
			productRefGroup = 62071D932C0919E4009532A7 /* Products */;
			projectDirPath = "";
			projectRoot = "";
			targets = (
				62071D912C0919E4009532A7 /* FakeStoreAPI */,
				62071DE62C0CED85009532A7 /* ProductsCacheTests */,
			);
		};
/* End PBXProject section */

/* Begin PBXResourcesBuildPhase section */
		62071D902C0919E4009532A7 /* Resources */ = {
			isa = PBXResourcesBuildPhase;
			buildActionMask = 2147483647;
			files = (
				62071D9D2C0919E6009532A7 /* Preview Assets.xcassets in Resources */,
				62071D9A2C0919E6009532A7 /* Assets.xcassets in Resources */,
			);
			runOnlyForDeploymentPostprocessing = 0;
		};
		62071DE52C0CED85009532A7 /* Resources */ = {
			isa = PBXResourcesBuildPhase;
			buildActionMask = 2147483647;
			files = (
			);
			runOnlyForDeploymentPostprocessing = 0;
		};
/* End PBXResourcesBuildPhase section */

/* Begin PBXSourcesBuildPhase section */
		62071D8E2C0919E4009532A7 /* Sources */ = {
			isa = PBXSourcesBuildPhase;
			buildActionMask = 2147483647;
			files = (
				62071DF12C0D5B86009532A7 /* LoadMoreButton.swift in Sources */,
				62071DCD2C09EBDB009532A7 /* CartNavigation.swift in Sources */,
				62071DCF2C09F340009532A7 /* AddToCartButton.swift in Sources */,
				62071DC92C09644F009532A7 /* CartViewModel.swift in Sources */,
				62071DD42C0A37E2009532A7 /* JumpToTopButton.swift in Sources */,
				62071DC32C095477009532A7 /* CartView.swift in Sources */,
				62071DDB2C0B9E53009532A7 /* ProductsCache.swift in Sources */,
				62071DB92C09366A009532A7 /* APIErrors.swift in Sources */,
				62071DDD2C0BA673009532A7 /* ProductDataService.swift in Sources */,
				62071DB72C09363B009532A7 /* HTTPDataDownloader.swift in Sources */,
				62071D962C0919E4009532A7 /* FakeStoreAPIApp.swift in Sources */,
				62071DA92C091C39009532A7 /* ProductListView.swift in Sources */,
				62071DAD2C091CCD009532A7 /* Product.swift in Sources */,
				62071DF32C0E5A59009532A7 /* CartItem.swift in Sources */,
				62071DB12C0920E3009532A7 /* ProductCellLarge.swift in Sources */,
				62071DBF2C0952E4009532A7 /* Tab.swift in Sources */,
				62071DDF2C0BD317009532A7 /* MockDataService.swift in Sources */,
				62071DBB2C0936BD009532A7 /* ProductViewModel.swift in Sources */,
				62071DD12C09F607009532A7 /* ProductCellSmall.swift in Sources */,
				62071DC62C095625009532A7 /* AccountView.swift in Sources */,
				62071DB42C0921BC009532A7 /* GroupBoxCard.swift in Sources */,
			);
			runOnlyForDeploymentPostprocessing = 0;
		};
		62071DE32C0CED85009532A7 /* Sources */ = {
			isa = PBXSourcesBuildPhase;
			buildActionMask = 2147483647;
			files = (
				62071DEA2C0CED85009532A7 /* ProductsCacheTests.swift in Sources */,
			);
			runOnlyForDeploymentPostprocessing = 0;
		};
/* End PBXSourcesBuildPhase section */

/* Begin PBXTargetDependency section */
		62071DEC2C0CED85009532A7 /* PBXTargetDependency */ = {
			isa = PBXTargetDependency;
			target = 62071D912C0919E4009532A7 /* FakeStoreAPI */;
			targetProxy = 62071DEB2C0CED85009532A7 /* PBXContainerItemProxy */;
		};
/* End PBXTargetDependency section */

/* Begin XCBuildConfiguration section */
		62071D9E2C0919E6009532A7 /* Debug */ = {
			isa = XCBuildConfiguration;
			buildSettings = {
				ALWAYS_SEARCH_USER_PATHS = NO;
				ASSETCATALOG_COMPILER_GENERATE_SWIFT_ASSET_SYMBOL_EXTENSIONS = YES;
				CLANG_ANALYZER_NONNULL = YES;
				CLANG_ANALYZER_NUMBER_OBJECT_CONVERSION = YES_AGGRESSIVE;
				CLANG_CXX_LANGUAGE_STANDARD = "gnu++20";
				CLANG_ENABLE_MODULES = YES;
				CLANG_ENABLE_OBJC_ARC = YES;
				CLANG_ENABLE_OBJC_WEAK = YES;
				CLANG_WARN_BLOCK_CAPTURE_AUTORELEASING = YES;
				CLANG_WARN_BOOL_CONVERSION = YES;
				CLANG_WARN_COMMA = YES;
				CLANG_WARN_CONSTANT_CONVERSION = YES;
				CLANG_WARN_DEPRECATED_OBJC_IMPLEMENTATIONS = YES;
				CLANG_WARN_DIRECT_OBJC_ISA_USAGE = YES_ERROR;
				CLANG_WARN_DOCUMENTATION_COMMENTS = YES;
				CLANG_WARN_EMPTY_BODY = YES;
				CLANG_WARN_ENUM_CONVERSION = YES;
				CLANG_WARN_INFINITE_RECURSION = YES;
				CLANG_WARN_INT_CONVERSION = YES;
				CLANG_WARN_NON_LITERAL_NULL_CONVERSION = YES;
				CLANG_WARN_OBJC_IMPLICIT_RETAIN_SELF = YES;
				CLANG_WARN_OBJC_LITERAL_CONVERSION = YES;
				CLANG_WARN_OBJC_ROOT_CLASS = YES_ERROR;
				CLANG_WARN_QUOTED_INCLUDE_IN_FRAMEWORK_HEADER = YES;
				CLANG_WARN_RANGE_LOOP_ANALYSIS = YES;
				CLANG_WARN_STRICT_PROTOTYPES = YES;
				CLANG_WARN_SUSPICIOUS_MOVE = YES;
				CLANG_WARN_UNGUARDED_AVAILABILITY = YES_AGGRESSIVE;
				CLANG_WARN_UNREACHABLE_CODE = YES;
				CLANG_WARN__DUPLICATE_METHOD_MATCH = YES;
				COPY_PHASE_STRIP = NO;
				DEBUG_INFORMATION_FORMAT = dwarf;
				ENABLE_STRICT_OBJC_MSGSEND = YES;
				ENABLE_TESTABILITY = YES;
				ENABLE_USER_SCRIPT_SANDBOXING = YES;
				GCC_C_LANGUAGE_STANDARD = gnu17;
				GCC_DYNAMIC_NO_PIC = NO;
				GCC_NO_COMMON_BLOCKS = YES;
				GCC_OPTIMIZATION_LEVEL = 0;
				GCC_PREPROCESSOR_DEFINITIONS = (
					"DEBUG=1",
					"$(inherited)",
				);
				GCC_WARN_64_TO_32_BIT_CONVERSION = YES;
				GCC_WARN_ABOUT_RETURN_TYPE = YES_ERROR;
				GCC_WARN_UNDECLARED_SELECTOR = YES;
				GCC_WARN_UNINITIALIZED_AUTOS = YES_AGGRESSIVE;
				GCC_WARN_UNUSED_FUNCTION = YES;
				GCC_WARN_UNUSED_VARIABLE = YES;
				IPHONEOS_DEPLOYMENT_TARGET = 17.4;
				LOCALIZATION_PREFERS_STRING_CATALOGS = YES;
				MTL_ENABLE_DEBUG_INFO = INCLUDE_SOURCE;
				MTL_FAST_MATH = YES;
				ONLY_ACTIVE_ARCH = YES;
				SDKROOT = iphoneos;
				SWIFT_ACTIVE_COMPILATION_CONDITIONS = "DEBUG $(inherited)";
				SWIFT_OPTIMIZATION_LEVEL = "-Onone";
			};
			name = Debug;
		};
		62071D9F2C0919E6009532A7 /* Release */ = {
			isa = XCBuildConfiguration;
			buildSettings = {
				ALWAYS_SEARCH_USER_PATHS = NO;
				ASSETCATALOG_COMPILER_GENERATE_SWIFT_ASSET_SYMBOL_EXTENSIONS = YES;
				CLANG_ANALYZER_NONNULL = YES;
				CLANG_ANALYZER_NUMBER_OBJECT_CONVERSION = YES_AGGRESSIVE;
				CLANG_CXX_LANGUAGE_STANDARD = "gnu++20";
				CLANG_ENABLE_MODULES = YES;
				CLANG_ENABLE_OBJC_ARC = YES;
				CLANG_ENABLE_OBJC_WEAK = YES;
				CLANG_WARN_BLOCK_CAPTURE_AUTORELEASING = YES;
				CLANG_WARN_BOOL_CONVERSION = YES;
				CLANG_WARN_COMMA = YES;
				CLANG_WARN_CONSTANT_CONVERSION = YES;
				CLANG_WARN_DEPRECATED_OBJC_IMPLEMENTATIONS = YES;
				CLANG_WARN_DIRECT_OBJC_ISA_USAGE = YES_ERROR;
				CLANG_WARN_DOCUMENTATION_COMMENTS = YES;
				CLANG_WARN_EMPTY_BODY = YES;
				CLANG_WARN_ENUM_CONVERSION = YES;
				CLANG_WARN_INFINITE_RECURSION = YES;
				CLANG_WARN_INT_CONVERSION = YES;
				CLANG_WARN_NON_LITERAL_NULL_CONVERSION = YES;
				CLANG_WARN_OBJC_IMPLICIT_RETAIN_SELF = YES;
				CLANG_WARN_OBJC_LITERAL_CONVERSION = YES;
				CLANG_WARN_OBJC_ROOT_CLASS = YES_ERROR;
				CLANG_WARN_QUOTED_INCLUDE_IN_FRAMEWORK_HEADER = YES;
				CLANG_WARN_RANGE_LOOP_ANALYSIS = YES;
				CLANG_WARN_STRICT_PROTOTYPES = YES;
				CLANG_WARN_SUSPICIOUS_MOVE = YES;
				CLANG_WARN_UNGUARDED_AVAILABILITY = YES_AGGRESSIVE;
				CLANG_WARN_UNREACHABLE_CODE = YES;
				CLANG_WARN__DUPLICATE_METHOD_MATCH = YES;
				COPY_PHASE_STRIP = NO;
				DEBUG_INFORMATION_FORMAT = "dwarf-with-dsym";
				ENABLE_NS_ASSERTIONS = NO;
				ENABLE_STRICT_OBJC_MSGSEND = YES;
				ENABLE_USER_SCRIPT_SANDBOXING = YES;
				GCC_C_LANGUAGE_STANDARD = gnu17;
				GCC_NO_COMMON_BLOCKS = YES;
				GCC_WARN_64_TO_32_BIT_CONVERSION = YES;
				GCC_WARN_ABOUT_RETURN_TYPE = YES_ERROR;
				GCC_WARN_UNDECLARED_SELECTOR = YES;
				GCC_WARN_UNINITIALIZED_AUTOS = YES_AGGRESSIVE;
				GCC_WARN_UNUSED_FUNCTION = YES;
				GCC_WARN_UNUSED_VARIABLE = YES;
				IPHONEOS_DEPLOYMENT_TARGET = 17.4;
				LOCALIZATION_PREFERS_STRING_CATALOGS = YES;
				MTL_ENABLE_DEBUG_INFO = NO;
				MTL_FAST_MATH = YES;
				SDKROOT = iphoneos;
				SWIFT_COMPILATION_MODE = wholemodule;
				VALIDATE_PRODUCT = YES;
			};
			name = Release;
		};
		62071DA12C0919E6009532A7 /* Debug */ = {
			isa = XCBuildConfiguration;
			buildSettings = {
				ASSETCATALOG_COMPILER_APPICON_NAME = AppIcon;
				ASSETCATALOG_COMPILER_GLOBAL_ACCENT_COLOR_NAME = AccentColor;
				CODE_SIGN_STYLE = Automatic;
				CURRENT_PROJECT_VERSION = 1;
				DEVELOPMENT_ASSET_PATHS = "\"FakeStoreAPI/Preview Content\"";
				DEVELOPMENT_TEAM = 66JNX67VV7;
				ENABLE_PREVIEWS = YES;
				GENERATE_INFOPLIST_FILE = YES;
				INFOPLIST_KEY_UIApplicationSceneManifest_Generation = YES;
				INFOPLIST_KEY_UIApplicationSupportsIndirectInputEvents = YES;
				INFOPLIST_KEY_UILaunchScreen_Generation = YES;
				INFOPLIST_KEY_UISupportedInterfaceOrientations_iPad = "UIInterfaceOrientationPortrait UIInterfaceOrientationPortraitUpsideDown UIInterfaceOrientationLandscapeLeft UIInterfaceOrientationLandscapeRight";
				INFOPLIST_KEY_UISupportedInterfaceOrientations_iPhone = "UIInterfaceOrientationPortrait UIInterfaceOrientationLandscapeLeft UIInterfaceOrientationLandscapeRight";
				LD_RUNPATH_SEARCH_PATHS = (
					"$(inherited)",
					"@executable_path/Frameworks",
				);
				MARKETING_VERSION = 1.0;
				PRODUCT_BUNDLE_IDENTIFIER = "-234.FakeStoreAPI";
				PRODUCT_NAME = "$(TARGET_NAME)";
				SWIFT_EMIT_LOC_STRINGS = YES;
				SWIFT_VERSION = 5.0;
				TARGETED_DEVICE_FAMILY = "1,2";
			};
			name = Debug;
		};
		62071DA22C0919E6009532A7 /* Release */ = {
			isa = XCBuildConfiguration;
			buildSettings = {
				ASSETCATALOG_COMPILER_APPICON_NAME = AppIcon;
				ASSETCATALOG_COMPILER_GLOBAL_ACCENT_COLOR_NAME = AccentColor;
				CODE_SIGN_STYLE = Automatic;
				CURRENT_PROJECT_VERSION = 1;
				DEVELOPMENT_ASSET_PATHS = "\"FakeStoreAPI/Preview Content\"";
				DEVELOPMENT_TEAM = 66JNX67VV7;
				ENABLE_PREVIEWS = YES;
				GENERATE_INFOPLIST_FILE = YES;
				INFOPLIST_KEY_UIApplicationSceneManifest_Generation = YES;
				INFOPLIST_KEY_UIApplicationSupportsIndirectInputEvents = YES;
				INFOPLIST_KEY_UILaunchScreen_Generation = YES;
				INFOPLIST_KEY_UISupportedInterfaceOrientations_iPad = "UIInterfaceOrientationPortrait UIInterfaceOrientationPortraitUpsideDown UIInterfaceOrientationLandscapeLeft UIInterfaceOrientationLandscapeRight";
				INFOPLIST_KEY_UISupportedInterfaceOrientations_iPhone = "UIInterfaceOrientationPortrait UIInterfaceOrientationLandscapeLeft UIInterfaceOrientationLandscapeRight";
				LD_RUNPATH_SEARCH_PATHS = (
					"$(inherited)",
					"@executable_path/Frameworks",
				);
				MARKETING_VERSION = 1.0;
				PRODUCT_BUNDLE_IDENTIFIER = "-234.FakeStoreAPI";
				PRODUCT_NAME = "$(TARGET_NAME)";
				SWIFT_EMIT_LOC_STRINGS = YES;
				SWIFT_VERSION = 5.0;
				TARGETED_DEVICE_FAMILY = "1,2";
			};
			name = Release;
		};
		62071DEE2C0CED85009532A7 /* Debug */ = {
			isa = XCBuildConfiguration;
			buildSettings = {
				BUNDLE_LOADER = "$(TEST_HOST)";
				CODE_SIGN_STYLE = Automatic;
				CURRENT_PROJECT_VERSION = 1;
				DEVELOPMENT_TEAM = 66JNX67VV7;
				GENERATE_INFOPLIST_FILE = YES;
				MARKETING_VERSION = 1.0;
				PRODUCT_BUNDLE_IDENTIFIER = "-234.ProductsCacheTests";
				PRODUCT_NAME = "$(TARGET_NAME)";
				SWIFT_EMIT_LOC_STRINGS = NO;
				SWIFT_VERSION = 5.0;
				TARGETED_DEVICE_FAMILY = "1,2";
				TEST_HOST = "$(BUILT_PRODUCTS_DIR)/FakeStoreAPI.app/$(BUNDLE_EXECUTABLE_FOLDER_PATH)/FakeStoreAPI";
			};
			name = Debug;
		};
		62071DEF2C0CED85009532A7 /* Release */ = {
			isa = XCBuildConfiguration;
			buildSettings = {
				BUNDLE_LOADER = "$(TEST_HOST)";
				CODE_SIGN_STYLE = Automatic;
				CURRENT_PROJECT_VERSION = 1;
				DEVELOPMENT_TEAM = 66JNX67VV7;
				GENERATE_INFOPLIST_FILE = YES;
				MARKETING_VERSION = 1.0;
				PRODUCT_BUNDLE_IDENTIFIER = "-234.ProductsCacheTests";
				PRODUCT_NAME = "$(TARGET_NAME)";
				SWIFT_EMIT_LOC_STRINGS = NO;
				SWIFT_VERSION = 5.0;
				TARGETED_DEVICE_FAMILY = "1,2";
				TEST_HOST = "$(BUILT_PRODUCTS_DIR)/FakeStoreAPI.app/$(BUNDLE_EXECUTABLE_FOLDER_PATH)/FakeStoreAPI";
			};
			name = Release;
		};
/* End XCBuildConfiguration section */

/* Begin XCConfigurationList section */
		62071D8D2C0919E4009532A7 /* Build configuration list for PBXProject "FakeStoreAPI" */ = {
			isa = XCConfigurationList;
			buildConfigurations = (
				62071D9E2C0919E6009532A7 /* Debug */,
				62071D9F2C0919E6009532A7 /* Release */,
			);
			defaultConfigurationIsVisible = 0;
			defaultConfigurationName = Release;
		};
		62071DA02C0919E6009532A7 /* Build configuration list for PBXNativeTarget "FakeStoreAPI" */ = {
			isa = XCConfigurationList;
			buildConfigurations = (
				62071DA12C0919E6009532A7 /* Debug */,
				62071DA22C0919E6009532A7 /* Release */,
			);
			defaultConfigurationIsVisible = 0;
			defaultConfigurationName = Release;
		};
		62071DED2C0CED85009532A7 /* Build configuration list for PBXNativeTarget "ProductsCacheTests" */ = {
			isa = XCConfigurationList;
			buildConfigurations = (
				62071DEE2C0CED85009532A7 /* Debug */,
				62071DEF2C0CED85009532A7 /* Release */,
			);
			defaultConfigurationIsVisible = 0;
			defaultConfigurationName = Release;
		};
/* End XCConfigurationList section */
	};
	rootObject = 62071D8A2C0919E4009532A7 /* Project object */;
}
